
Microsoft Visual Studio Solution File, Format Version 12.00
# Visual Studio Version 17
VisualStudioVersion = 17.0.31919.166
MinimumVisualStudioVersion = 10.0.40219.1
Project("{FAE04EC0-301F-11D3-BF4B-00C04F79EFBC}") = "book2", "book2\book2.csproj", "{F4BCE3EA-663C-4068-8BAD-6FAF8E684A51}"
EndProject
Global
	GlobalSection(SolutionConfigurationPlatforms) = preSolution
		Debug|Any CPU = Debug|Any CPU
		Release|Any CPU = Release|Any CPU
	EndGlobalSection
	GlobalSection(ProjectConfigurationPlatforms) = postSolution
		{F4BCE3EA-663C-4068-8BAD-6FAF8E684A51}.Debug|Any CPU.ActiveCfg = Debug|Any CPU
		{F4BCE3EA-663C-4068-8BAD-6FAF8E684A51}.Debug|Any CPU.Build.0 = Debug|Any CPU
		{F4BCE3EA-663C-4068-8BAD-6FAF8E684A51}.Release|Any CPU.ActiveCfg = Release|Any CPU
		{F4BCE3EA-663C-4068-8BAD-6FAF8E684A51}.Release|Any CPU.Build.0 = Release|Any CPU
	EndGlobalSection
	GlobalSection(SolutionProperties) = preSolution
		HideSolutionNode = FALSE
	EndGlobalSection
	GlobalSection(ExtensibilityGlobals) = postSolution
		SolutionGuid = {C24C0B78-BD3A-485D-9018-CE1F811282D1}
	EndGlobalSection
EndGlobal
